# @generated by Move, please check-in and do not edit manually.

[move]
version = 2
manifest_digest = "ABEE9F0BDAD422223FABEBC99BCBDC99929C010B58219C6F188CFC9AA45AC8B9"
deps_digest = "F8BBB0CCB2491CA29A3DF03D6F92277A4F3574266507ACD77214D37ECA3F3082"
dependencies = [
  { name = "Sui" },
]

[[move.package]]
name = "MoveStdlib"
source = { git = "https://github.com/MystenLabs/sui.git", rev = "framework/testnet", subdir = "crates/sui-framework/packages/move-stdlib" }

[[move.package]]
name = "Sui"
source = { git = "https://github.com/MystenLabs/sui.git", rev = "framework/testnet", subdir = "crates/sui-framework/packages/sui-framework" }

dependencies = [
  { name = "MoveStdlib" },
]

[move.toolchain-version]
compiler-version = "1.30.1"
edition = "2024.beta"
flavor = "sui"

[env]

[env.testnet]
chain-id = "4c78adac"
original-published-id = "0xf5a69b4d4d19f22cfe4b174dd3d2ea878c914b7acccd6acfdab9f27771b2842f"
latest-published-id = "0xf5a69b4d4d19f22cfe4b174dd3d2ea878c914b7acccd6acfdab9f27771b2842f"
published-version = "1"

[env.baku]
chain-id = "db4b6646"
original-published-id = "0x0951d9821cdaebee809e301527f27b66ce306520297000d5ec4e2910b1044ed6"
latest-published-id = "0x0951d9821cdaebee809e301527f27b66ce306520297000d5ec4e2910b1044ed6"
published-version = "1"
